
Microsoft Visual Studio Solution File, Format Version 12.00
# Visual Studio 15
VisualStudioVersion = 15.0.28307.329
MinimumVisualStudioVersion = 10.0.40219.1
Project("{FAE04EC0-301F-11D3-BF4B-00C04F79EFBC}") = "VLTEdit-Legacy", "VLTEdit-Legacy\VLTEdit-Legacy.csproj", "{799E1511-D553-4370-842D-16907958B274}"
EndProject
Project("{FAE04EC0-301F-11D3-BF4B-00C04F79EFBC}") = "VPak", "VPak\VPak.csproj", "{FA4798AA-A8F9-4AFD-A029-D34CC229CD61}"
EndProject
Project("{FAE04EC0-301F-11D3-BF4B-00C04F79EFBC}") = "LibNFS", "LibNFS\LibNFS.csproj", "{CCAF842A-8BA0-4551-95D2-8CABCFEA9777}"
EndProject
Project("{FAE04EC0-301F-11D3-BF4B-00C04F79EFBC}") = "TextureCompiler", "TextureCompiler\TextureCompiler.csproj", "{A4DF6138-FC15-4768-8EE8-FEBD6868F2DB}"
EndProject
Project("{FAE04EC0-301F-11D3-BF4B-00C04F79EFBC}") = "TestingArea", "TestingArea\TestingArea.csproj", "{9355823D-6846-4988-AE98-C3331F5C3344}"
EndProject
Project("{FAE04EC0-301F-11D3-BF4B-00C04F79EFBC}") = "VLTEdit", "VLTEdit\VLTEdit.csproj", "{AED18AAC-A421-48D4-8429-79C3FF9FC919}"
EndProject
Global
	GlobalSection(SolutionConfigurationPlatforms) = preSolution
		Debug|Any CPU = Debug|Any CPU
		Debug|x64 = Debug|x64
		Debug|x86 = Debug|x86
		Release|Any CPU = Release|Any CPU
		Release|x64 = Release|x64
		Release|x86 = Release|x86
	EndGlobalSection
	GlobalSection(ProjectConfigurationPlatforms) = postSolution
		{799E1511-D553-4370-842D-16907958B274}.Debug|Any CPU.ActiveCfg = Debug|Any CPU
		{799E1511-D553-4370-842D-16907958B274}.Debug|Any CPU.Build.0 = Debug|Any CPU
		{799E1511-D553-4370-842D-16907958B274}.Debug|x64.ActiveCfg = Debug|Any CPU
		{799E1511-D553-4370-842D-16907958B274}.Debug|x64.Build.0 = Debug|Any CPU
		{799E1511-D553-4370-842D-16907958B274}.Debug|x86.ActiveCfg = Debug|Any CPU
		{799E1511-D553-4370-842D-16907958B274}.Debug|x86.Build.0 = Debug|Any CPU
		{799E1511-D553-4370-842D-16907958B274}.Release|Any CPU.ActiveCfg = Release|Any CPU
		{799E1511-D553-4370-842D-16907958B274}.Release|Any CPU.Build.0 = Release|Any CPU
		{799E1511-D553-4370-842D-16907958B274}.Release|x64.ActiveCfg = Release|Any CPU
		{799E1511-D553-4370-842D-16907958B274}.Release|x64.Build.0 = Release|Any CPU
		{799E1511-D553-4370-842D-16907958B274}.Release|x86.ActiveCfg = Release|Any CPU
		{799E1511-D553-4370-842D-16907958B274}.Release|x86.Build.0 = Release|Any CPU
		{FA4798AA-A8F9-4AFD-A029-D34CC229CD61}.Debug|Any CPU.ActiveCfg = Debug|Any CPU
		{FA4798AA-A8F9-4AFD-A029-D34CC229CD61}.Debug|Any CPU.Build.0 = Debug|Any CPU
		{FA4798AA-A8F9-4AFD-A029-D34CC229CD61}.Debug|x64.ActiveCfg = Debug|Any CPU
		{FA4798AA-A8F9-4AFD-A029-D34CC229CD61}.Debug|x64.Build.0 = Debug|Any CPU
		{FA4798AA-A8F9-4AFD-A029-D34CC229CD61}.Debug|x86.ActiveCfg = Debug|Any CPU
		{FA4798AA-A8F9-4AFD-A029-D34CC229CD61}.Debug|x86.Build.0 = Debug|Any CPU
		{FA4798AA-A8F9-4AFD-A029-D34CC229CD61}.Release|Any CPU.ActiveCfg = Release|Any CPU
		{FA4798AA-A8F9-4AFD-A029-D34CC229CD61}.Release|Any CPU.Build.0 = Release|Any CPU
		{FA4798AA-A8F9-4AFD-A029-D34CC229CD61}.Release|x64.ActiveCfg = Release|Any CPU
		{FA4798AA-A8F9-4AFD-A029-D34CC229CD61}.Release|x64.Build.0 = Release|Any CPU
		{FA4798AA-A8F9-4AFD-A029-D34CC229CD61}.Release|x86.ActiveCfg = Release|Any CPU
		{FA4798AA-A8F9-4AFD-A029-D34CC229CD61}.Release|x86.Build.0 = Release|Any CPU
		{CCAF842A-8BA0-4551-95D2-8CABCFEA9777}.Debug|Any CPU.ActiveCfg = Debug|Any CPU
		{CCAF842A-8BA0-4551-95D2-8CABCFEA9777}.Debug|Any CPU.Build.0 = Debug|Any CPU
		{CCAF842A-8BA0-4551-95D2-8CABCFEA9777}.Debug|x64.ActiveCfg = Debug|Any CPU
		{CCAF842A-8BA0-4551-95D2-8CABCFEA9777}.Debug|x64.Build.0 = Debug|Any CPU
		{CCAF842A-8BA0-4551-95D2-8CABCFEA9777}.Debug|x86.ActiveCfg = Debug|Any CPU
		{CCAF842A-8BA0-4551-95D2-8CABCFEA9777}.Debug|x86.Build.0 = Debug|Any CPU
		{CCAF842A-8BA0-4551-95D2-8CABCFEA9777}.Release|Any CPU.ActiveCfg = Release|Any CPU
		{CCAF842A-8BA0-4551-95D2-8CABCFEA9777}.Release|Any CPU.Build.0 = Release|Any CPU
		{CCAF842A-8BA0-4551-95D2-8CABCFEA9777}.Release|x64.ActiveCfg = Release|Any CPU
		{CCAF842A-8BA0-4551-95D2-8CABCFEA9777}.Release|x64.Build.0 = Release|Any CPU
		{CCAF842A-8BA0-4551-95D2-8CABCFEA9777}.Release|x86.ActiveCfg = Release|Any CPU
		{CCAF842A-8BA0-4551-95D2-8CABCFEA9777}.Release|x86.Build.0 = Release|Any CPU
		{A4DF6138-FC15-4768-8EE8-FEBD6868F2DB}.Debug|Any CPU.ActiveCfg = Debug|Any CPU
		{A4DF6138-FC15-4768-8EE8-FEBD6868F2DB}.Debug|Any CPU.Build.0 = Debug|Any CPU
		{A4DF6138-FC15-4768-8EE8-FEBD6868F2DB}.Debug|x64.ActiveCfg = Debug|Any CPU
		{A4DF6138-FC15-4768-8EE8-FEBD6868F2DB}.Debug|x64.Build.0 = Debug|Any CPU
		{A4DF6138-FC15-4768-8EE8-FEBD6868F2DB}.Debug|x86.ActiveCfg = Debug|Any CPU
		{A4DF6138-FC15-4768-8EE8-FEBD6868F2DB}.Debug|x86.Build.0 = Debug|Any CPU
		{A4DF6138-FC15-4768-8EE8-FEBD6868F2DB}.Release|Any CPU.ActiveCfg = Release|Any CPU
		{A4DF6138-FC15-4768-8EE8-FEBD6868F2DB}.Release|Any CPU.Build.0 = Release|Any CPU
		{A4DF6138-FC15-4768-8EE8-FEBD6868F2DB}.Release|x64.ActiveCfg = Release|Any CPU
		{A4DF6138-FC15-4768-8EE8-FEBD6868F2DB}.Release|x64.Build.0 = Release|Any CPU
		{A4DF6138-FC15-4768-8EE8-FEBD6868F2DB}.Release|x86.ActiveCfg = Release|Any CPU
		{A4DF6138-FC15-4768-8EE8-FEBD6868F2DB}.Release|x86.Build.0 = Release|Any CPU
		{9355823D-6846-4988-AE98-C3331F5C3344}.Debug|Any CPU.ActiveCfg = Debug|Any CPU
		{9355823D-6846-4988-AE98-C3331F5C3344}.Debug|Any CPU.Build.0 = Debug|Any CPU
		{9355823D-6846-4988-AE98-C3331F5C3344}.Debug|x64.ActiveCfg = Debug|Any CPU
		{9355823D-6846-4988-AE98-C3331F5C3344}.Debug|x64.Build.0 = Debug|Any CPU
		{9355823D-6846-4988-AE98-C3331F5C3344}.Debug|x86.ActiveCfg = Debug|Any CPU
		{9355823D-6846-4988-AE98-C3331F5C3344}.Debug|x86.Build.0 = Debug|Any CPU
		{9355823D-6846-4988-AE98-C3331F5C3344}.Release|Any CPU.ActiveCfg = Release|Any CPU
		{9355823D-6846-4988-AE98-C3331F5C3344}.Release|x64.ActiveCfg = Release|Any CPU
		{9355823D-6846-4988-AE98-C3331F5C3344}.Release|x64.Build.0 = Release|Any CPU
		{9355823D-6846-4988-AE98-C3331F5C3344}.Release|x86.ActiveCfg = Release|Any CPU
		{9355823D-6846-4988-AE98-C3331F5C3344}.Release|x86.Build.0 = Release|Any CPU
		{AED18AAC-A421-48D4-8429-79C3FF9FC919}.Debug|Any CPU.ActiveCfg = Debug|Any CPU
		{AED18AAC-A421-48D4-8429-79C3FF9FC919}.Debug|Any CPU.Build.0 = Debug|Any CPU
		{AED18AAC-A421-48D4-8429-79C3FF9FC919}.Debug|x64.ActiveCfg = Debug|Any CPU
		{AED18AAC-A421-48D4-8429-79C3FF9FC919}.Debug|x64.Build.0 = Debug|Any CPU
		{AED18AAC-A421-48D4-8429-79C3FF9FC919}.Debug|x86.ActiveCfg = Debug|Any CPU
		{AED18AAC-A421-48D4-8429-79C3FF9FC919}.Debug|x86.Build.0 = Debug|Any CPU
		{AED18AAC-A421-48D4-8429-79C3FF9FC919}.Release|Any CPU.ActiveCfg = Release|Any CPU
		{AED18AAC-A421-48D4-8429-79C3FF9FC919}.Release|Any CPU.Build.0 = Release|Any CPU
		{AED18AAC-A421-48D4-8429-79C3FF9FC919}.Release|x64.ActiveCfg = Release|Any CPU
		{AED18AAC-A421-48D4-8429-79C3FF9FC919}.Release|x64.Build.0 = Release|Any CPU
		{AED18AAC-A421-48D4-8429-79C3FF9FC919}.Release|x86.ActiveCfg = Release|Any CPU
		{AED18AAC-A421-48D4-8429-79C3FF9FC919}.Release|x86.Build.0 = Release|Any CPU
	EndGlobalSection
	GlobalSection(SolutionProperties) = preSolution
		HideSolutionNode = FALSE
	EndGlobalSection
	GlobalSection(ExtensibilityGlobals) = postSolution
		SolutionGuid = {9D01580D-EA66-4673-B4F7-1BC9DE724CCE}
	EndGlobalSection
EndGlobal
